<?xml version="1.0" encoding="UTF-8" standalone="yes" ?>
<CodeBlocks_project_file>
	<FileVersion major="1" minor="6" />
	<Project>
		<Option title="captura" />
		<Option pch_mode="2" />
		<Option compiler="gcc" />
		<Build>
			<Target title="Debug">
				<Option output="bin/Debug/captura" prefix_auto="1" extension_auto="1" />
				<Option object_output="obj/Debug/" />
				<Option type="1" />
				<Option compiler="gcc" />
				<Compiler>
					<Add option="-g" />
					<Add directory="include" />
				</Compiler>
			</Target>
			<Target title="Release">
				<Option output="bin/Release/captura" prefix_auto="1" extension_auto="1" />
				<Option object_output="obj/Release/" />
				<Option type="1" />
				<Option compiler="gcc" />
				<Compiler>
					<Add option="-O2" />
					<Add directory="include" />
				</Compiler>
				<Linker>
					<Add option="-s" />
				</Linker>
			</Target>
		</Build>
		<Compiler>
			<Add option="-std=c++11" />
			<Add option="-w" />
			<Add option="-fexceptions" />
			<Add option="-DBOOST_LOG_DYN_LINK" />
			<Add directory="include" />
		</Compiler>
		<Linker>
			<Add option="-lz" />
			<Add option="-lm" />
			<Add option="-lpthread" />
			<Add option="-lmp3lame" />
			<Add option="-lx264" />
			<Add option="-lvorbis" />
			<Add option="-lfdk-aac" />
			<Add option="-lfaac" />
			<Add library="/usr/local/lib/libavcodec.so" />
			<Add library="/usr/local/lib/libavdevice.so" />
			<Add library="/usr/local/lib/libavfilter.so" />
			<Add library="/usr/local/lib/libavformat.so" />
			<Add library="/usr/local/lib/libavutil.so" />
			<Add library="/usr/local/lib/libswresample.so" />
			<Add library="/usr/local/lib/libswscale.so" />
			<Add library="/usr/local/lib/libboost_system.so" />
			<Add library="/usr/local/lib/libboost_thread.so" />
			<Add library="/usr/local/lib/libboost_filesystem.so" />
			<Add library="/usr/local/lib/libboost_date_time.so" />
			<Add library="/usr/local/lib/libboost_timer.so" />
			<Add library="/usr/local/lib/libboost_log.so" />
			<Add library="/usr/local/lib/mir/libSkyLibs.so" />
			<Add library="/usr/local/lib/mir/libSkyLibsDB.so" />
			<Add directory="/usr/local/lib" />
		</Linker>
		<Unit filename="config.ini">
			<Option target="Release" />
		</Unit>
		<Unit filename="include/LogClass.h" />
		<Unit filename="include/captura.h" />
		<Unit filename="include/configuration.h" />
		<Unit filename="include/exceptionmir.h" />
		<Unit filename="include/filedata.h" />
		<Unit filename="include/logger.h" />
		<Unit filename="include/main.h" />
		<Unit filename="include/parser.h" />
		<Unit filename="include/queue.h" />
		<Unit filename="include/rawdata.h" />
		<Unit filename="include/sliceprocess.h" />
		<Unit filename="include/streamradio.h" />
		<Unit filename="include/threadcapture.h" />
		<Unit filename="include/threadpool.h" />
		<Unit filename="include/util.h" />
		<Unit filename="include/version.h" />
		<Unit filename="makefile">
			<Option target="Release" />
		</Unit>
		<Unit filename="src/LogClass.cpp" />
		<Unit filename="src/captura.cpp" />
		<Unit filename="src/configuration.cpp" />
		<Unit filename="src/filedata.cpp" />
		<Unit filename="src/logger.cpp" />
		<Unit filename="src/main.cpp" />
		<Unit filename="src/parser.cpp" />
		<Unit filename="src/queue.cpp" />
		<Unit filename="src/rawdata.cpp" />
		<Unit filename="src/sliceprocess.cpp" />
		<Unit filename="src/streamradio.cpp" />
		<Unit filename="src/threadcapture.cpp" />
		<Unit filename="src/threadpool.cpp" />
		<Extensions>
			<code_completion />
			<debugger />
			<envvars />
			<DoxyBlocks>
				<comment_style block="0" line="0" />
				<doxyfile_project output_language="Brazilian" />
				<doxyfile_build />
				<doxyfile_warnings />
				<doxyfile_output />
				<doxyfile_dot />
				<general />
			</DoxyBlocks>
			<AutoVersioning>
				<Scheme minor_max="10" build_max="0" rev_max="0" rev_rand_max="10" build_times_to_increment_minor="100" />
				<Settings autoincrement="1" date_declarations="1" use_define="0" update_manifest="1" do_auto_increment="0" ask_to_increment="0" language="C++" svn="0" svn_directory="" header_path="include/version.h" />
				<Changes_Log show_changes_editor="1" app_title="released version %M.%m.%b of %p" changeslog_path="ChangesLog.txt" />
				<Code header_guard="VERSION_H" namespace="AutoVersion" prefix="" />
			</AutoVersioning>
			<lib_finder>
				<lib name="zlib" />
				<lib name="libavutil" />
				<lib name="libavfilter" />
				<lib name="libavformat" />
				<lib name="libavcodec" />
				<lib name="libavdevice" />
				<lib name="x264" />
				<lib name="fdk-aac" />
			</lib_finder>
		</Extensions>
	</Project>
</CodeBlocks_project_file>
